
Microsoft Visual Studio Solution File, Format Version 12.00
# Visual Studio 15
VisualStudioVersion = 15.0.26730.10
MinimumVisualStudioVersion = 10.0.40219.1
Project("{8BC9CEB8-8B4A-11D0-8D11-00A0C91BC942}") = "Log4JDash", "Log4JDash\Log4JDash.vcxproj", "{5CD45FCF-BF8A-44E4-95D0-CEEE6450E4E5}"
EndProject
Project("{8BC9CEB8-8B4A-11D0-8D11-00A0C91BC942}") = "Log4JParserCpp", "Log4JParserCpp\Log4JParserCpp.vcxproj", "{FEC73810-01A4-4258-ADB3-B9A5C2A30BFC}"
	ProjectSection(ProjectDependencies) = postProject
		{FE1EC943-203C-481D-9D23-652CF021E821} = {FE1EC943-203C-481D-9D23-652CF021E821}
	EndProjectSection
EndProject
Project("{FAE04EC0-301F-11D3-BF4B-00C04F79EFBC}") = "Log4JParserNet", "Log4JParserNet\Log4JParserNet.csproj", "{476B4B6D-4713-45F2-945A-90751E81DE71}"
	ProjectSection(ProjectDependencies) = postProject
		{FE1EC943-203C-481D-9D23-652CF021E821} = {FE1EC943-203C-481D-9D23-652CF021E821}
	EndProjectSection
EndProject
Project("{FAE04EC0-301F-11D3-BF4B-00C04F79EFBC}") = "Log4JParserDashNet", "Log4JParserDashNet\Log4JParserDashNet.csproj", "{779CADC5-90E3-40F5-979F-DD761F357B4A}"
EndProject
Project("{8BC9CEB8-8B4A-11D0-8D11-00A0C91BC942}") = "Log4JParserC", "Log4JParserC\Log4JParserC.vcxproj", "{FE1EC943-203C-481D-9D23-652CF021E821}"
EndProject
Project("{FAE04EC0-301F-11D3-BF4B-00C04F79EFBC}") = "Log4JDash.Web", "Log4JDash.Web\Log4JDash.Web.csproj", "{B60B7826-889B-454D-B58F-C68DD1EC0E91}"
EndProject
Project("{FAE04EC0-301F-11D3-BF4B-00C04F79EFBC}") = "Log4JParserNet.Tests", "Log4JParserNet.Tests\Log4JParserNet.Tests.csproj", "{CCEDAF04-93BE-4E67-872F-B713F82FB3CE}"
EndProject
Project("{2150E333-8FDC-42A3-9474-1A3956D46DE8}") = "_SampleLogs", "_SampleLogs", "{40886A5D-8473-4523-AB59-5A9204CD5DEA}"
	ProjectSection(SolutionItems) = preProject
		_SampleLogs\_a_log-s+1.1.xml = _SampleLogs\_a_log-s+1.1.xml
		_SampleLogs\_a_log-s+1.xml = _SampleLogs\_a_log-s+1.xml
		_SampleLogs\_b_log-d+1.0.xml = _SampleLogs\_b_log-d+1.0.xml
		_SampleLogs\_b_log-d+1.1.xml = _SampleLogs\_b_log-d+1.1.xml
		_SampleLogs\_c_log-s-1.1.xml = _SampleLogs\_c_log-s-1.1.xml
		_SampleLogs\_c_log-s-1.xml = _SampleLogs\_c_log-s-1.xml
		_SampleLogs\_d_log-d-1.1.xml = _SampleLogs\_d_log-d-1.1.xml
		_SampleLogs\_d_log-d-1.xml = _SampleLogs\_d_log-d-1.xml
		_SampleLogs\e_log_2017-08-30.0.xml = _SampleLogs\e_log_2017-08-30.0.xml
		_SampleLogs\e_log_2017-08-30.1.xml = _SampleLogs\e_log_2017-08-30.1.xml
		_SampleLogs\e_log_2017-08-30.2.xml = _SampleLogs\e_log_2017-08-30.2.xml
		_SampleLogs\e_log_2017-08-31.0.xml = _SampleLogs\e_log_2017-08-31.0.xml
		_SampleLogs\e_log_2017-08-31.1.xml = _SampleLogs\e_log_2017-08-31.1.xml
		_SampleLogs\e_log_2017-08-31.2.xml = _SampleLogs\e_log_2017-08-31.2.xml
	EndProjectSection
EndProject
Global
	GlobalSection(SolutionConfigurationPlatforms) = preSolution
		Debug|Win32 = Debug|Win32
		Debug|x64 = Debug|x64
		Release|Win32 = Release|Win32
		Release|x64 = Release|x64
	EndGlobalSection
	GlobalSection(ProjectConfigurationPlatforms) = postSolution
		{5CD45FCF-BF8A-44E4-95D0-CEEE6450E4E5}.Debug|Win32.ActiveCfg = Debug|Win32
		{5CD45FCF-BF8A-44E4-95D0-CEEE6450E4E5}.Debug|Win32.Build.0 = Debug|Win32
		{5CD45FCF-BF8A-44E4-95D0-CEEE6450E4E5}.Debug|x64.ActiveCfg = Debug|x64
		{5CD45FCF-BF8A-44E4-95D0-CEEE6450E4E5}.Debug|x64.Build.0 = Debug|x64
		{5CD45FCF-BF8A-44E4-95D0-CEEE6450E4E5}.Release|Win32.ActiveCfg = Release|Win32
		{5CD45FCF-BF8A-44E4-95D0-CEEE6450E4E5}.Release|Win32.Build.0 = Release|Win32
		{5CD45FCF-BF8A-44E4-95D0-CEEE6450E4E5}.Release|x64.ActiveCfg = Release|x64
		{5CD45FCF-BF8A-44E4-95D0-CEEE6450E4E5}.Release|x64.Build.0 = Release|x64
		{FEC73810-01A4-4258-ADB3-B9A5C2A30BFC}.Debug|Win32.ActiveCfg = Debug|Win32
		{FEC73810-01A4-4258-ADB3-B9A5C2A30BFC}.Debug|Win32.Build.0 = Debug|Win32
		{FEC73810-01A4-4258-ADB3-B9A5C2A30BFC}.Debug|x64.ActiveCfg = Debug|x64
		{FEC73810-01A4-4258-ADB3-B9A5C2A30BFC}.Debug|x64.Build.0 = Debug|x64
		{FEC73810-01A4-4258-ADB3-B9A5C2A30BFC}.Release|Win32.ActiveCfg = Release|Win32
		{FEC73810-01A4-4258-ADB3-B9A5C2A30BFC}.Release|Win32.Build.0 = Release|Win32
		{FEC73810-01A4-4258-ADB3-B9A5C2A30BFC}.Release|x64.ActiveCfg = Release|x64
		{FEC73810-01A4-4258-ADB3-B9A5C2A30BFC}.Release|x64.Build.0 = Release|x64
		{476B4B6D-4713-45F2-945A-90751E81DE71}.Debug|Win32.ActiveCfg = Debug|x86
		{476B4B6D-4713-45F2-945A-90751E81DE71}.Debug|Win32.Build.0 = Debug|x86
		{476B4B6D-4713-45F2-945A-90751E81DE71}.Debug|x64.ActiveCfg = Debug|x64
		{476B4B6D-4713-45F2-945A-90751E81DE71}.Debug|x64.Build.0 = Debug|x64
		{476B4B6D-4713-45F2-945A-90751E81DE71}.Release|Win32.ActiveCfg = Release|x86
		{476B4B6D-4713-45F2-945A-90751E81DE71}.Release|Win32.Build.0 = Release|x86
		{476B4B6D-4713-45F2-945A-90751E81DE71}.Release|x64.ActiveCfg = Release|x64
		{476B4B6D-4713-45F2-945A-90751E81DE71}.Release|x64.Build.0 = Release|x64
		{779CADC5-90E3-40F5-979F-DD761F357B4A}.Debug|Win32.ActiveCfg = Debug|x86
		{779CADC5-90E3-40F5-979F-DD761F357B4A}.Debug|Win32.Build.0 = Debug|x86
		{779CADC5-90E3-40F5-979F-DD761F357B4A}.Debug|x64.ActiveCfg = Debug|x64
		{779CADC5-90E3-40F5-979F-DD761F357B4A}.Debug|x64.Build.0 = Debug|x64
		{779CADC5-90E3-40F5-979F-DD761F357B4A}.Release|Win32.ActiveCfg = Release|x86
		{779CADC5-90E3-40F5-979F-DD761F357B4A}.Release|Win32.Build.0 = Release|x86
		{779CADC5-90E3-40F5-979F-DD761F357B4A}.Release|x64.ActiveCfg = Release|x64
		{779CADC5-90E3-40F5-979F-DD761F357B4A}.Release|x64.Build.0 = Release|x64
		{FE1EC943-203C-481D-9D23-652CF021E821}.Debug|Win32.ActiveCfg = Debug|Win32
		{FE1EC943-203C-481D-9D23-652CF021E821}.Debug|Win32.Build.0 = Debug|Win32
		{FE1EC943-203C-481D-9D23-652CF021E821}.Debug|x64.ActiveCfg = Debug|x64
		{FE1EC943-203C-481D-9D23-652CF021E821}.Debug|x64.Build.0 = Debug|x64
		{FE1EC943-203C-481D-9D23-652CF021E821}.Release|Win32.ActiveCfg = Release|Win32
		{FE1EC943-203C-481D-9D23-652CF021E821}.Release|Win32.Build.0 = Release|Win32
		{FE1EC943-203C-481D-9D23-652CF021E821}.Release|x64.ActiveCfg = Release|x64
		{FE1EC943-203C-481D-9D23-652CF021E821}.Release|x64.Build.0 = Release|x64
		{B60B7826-889B-454D-B58F-C68DD1EC0E91}.Debug|Win32.ActiveCfg = Debug|x86
		{B60B7826-889B-454D-B58F-C68DD1EC0E91}.Debug|Win32.Build.0 = Debug|x86
		{B60B7826-889B-454D-B58F-C68DD1EC0E91}.Debug|x64.ActiveCfg = Debug|x64
		{B60B7826-889B-454D-B58F-C68DD1EC0E91}.Debug|x64.Build.0 = Debug|x64
		{B60B7826-889B-454D-B58F-C68DD1EC0E91}.Release|Win32.ActiveCfg = Release|x86
		{B60B7826-889B-454D-B58F-C68DD1EC0E91}.Release|Win32.Build.0 = Release|x86
		{B60B7826-889B-454D-B58F-C68DD1EC0E91}.Release|x64.ActiveCfg = Release|x64
		{B60B7826-889B-454D-B58F-C68DD1EC0E91}.Release|x64.Build.0 = Release|x64
		{CCEDAF04-93BE-4E67-872F-B713F82FB3CE}.Debug|Win32.ActiveCfg = Debug|x86
		{CCEDAF04-93BE-4E67-872F-B713F82FB3CE}.Debug|Win32.Build.0 = Debug|x86
		{CCEDAF04-93BE-4E67-872F-B713F82FB3CE}.Debug|x64.ActiveCfg = Debug|x64
		{CCEDAF04-93BE-4E67-872F-B713F82FB3CE}.Debug|x64.Build.0 = Debug|x64
		{CCEDAF04-93BE-4E67-872F-B713F82FB3CE}.Release|Win32.ActiveCfg = Release|x86
		{CCEDAF04-93BE-4E67-872F-B713F82FB3CE}.Release|Win32.Build.0 = Release|x86
		{CCEDAF04-93BE-4E67-872F-B713F82FB3CE}.Release|x64.ActiveCfg = Release|x64
		{CCEDAF04-93BE-4E67-872F-B713F82FB3CE}.Release|x64.Build.0 = Release|x64
	EndGlobalSection
	GlobalSection(SolutionProperties) = preSolution
		HideSolutionNode = FALSE
	EndGlobalSection
	GlobalSection(ExtensibilityGlobals) = postSolution
		SolutionGuid = {44AC0D1F-15F1-4E1C-BFA1-B2C2447E2CD4}
	EndGlobalSection
EndGlobal
